
Microsoft Visual Studio Solution File, Format Version 12.00
# Visual Studio 15
VisualStudioVersion = 15.0.27130.2024
MinimumVisualStudioVersion = 10.0.40219.1
Project("{FAE04EC0-301F-11D3-BF4B-00C04F79EFBC}") = "HireRight", "HireRight\HireRight.csproj", "{BE05383B-E90D-4C3E-8B2B-E4342374F69C}"
EndProject
Project("{FAE04EC0-301F-11D3-BF4B-00C04F79EFBC}") = "HireRight.Tests", "HireRight.Tests\HireRight.Tests.csproj", "{3F7D4103-3A0B-4C23-87FB-EF70C5523CE4}"
EndProject
Project("{2150E333-8FDC-42A3-9474-1A3956D46DE8}") = "1.0 - UI", "1.0 - UI", "{3E794B2A-39D3-40EA-9DFA-0FB6E5E950E2}"
EndProject
Project("{2150E333-8FDC-42A3-9474-1A3956D46DE8}") = "2.0 - API", "2.0 - API", "{86C373F4-E6E8-4B37-AD51-9227449F2777}"
EndProject
Project("{FAE04EC0-301F-11D3-BF4B-00C04F79EFBC}") = "HireRight.BusinessLogic", "HireRight.BusinessLogic\HireRight.BusinessLogic.csproj", "{0F27556C-6B57-4533-A447-586270C17D65}"
EndProject
Project("{FAE04EC0-301F-11D3-BF4B-00C04F79EFBC}") = "HireRight.BusinessLogic.Tests", "HireRight.BusinessLogic.Tests\HireRight.BusinessLogic.Tests.csproj", "{1C293C28-12B1-45EB-AD2B-07C303A4E4CC}"
EndProject
Project("{FAE04EC0-301F-11D3-BF4B-00C04F79EFBC}") = "HireRight.Persistence.Tests", "HireRight.Repository.Tests\HireRight.Persistence.Tests.csproj", "{A80378B5-D70B-42F7-8F57-B168EF724E4A}"
EndProject
Project("{2150E333-8FDC-42A3-9474-1A3956D46DE8}") = "3.0 - Domain", "3.0 - Domain", "{8A7833C6-1FD0-449F-92B1-CFEB34673117}"
EndProject
Project("{2150E333-8FDC-42A3-9474-1A3956D46DE8}") = "1.5 - Data Transfer", "1.5 - Data Transfer", "{C221111F-45AD-48F7-9515-B2339751E64E}"
EndProject
Project("{FAE04EC0-301F-11D3-BF4B-00C04F79EFBC}") = "DataTransferObjects", "DataTransferObjects\DataTransferObjects.csproj", "{E7A9F677-8D39-461B-810D-304B0B12E5DD}"
EndProject
Project("{FAE04EC0-301F-11D3-BF4B-00C04F79EFBC}") = "HireRight.Persistence", "EntityFramework.CodeFirst\HireRight.Persistence.csproj", "{0ABE87B8-761F-4D4C-9391-27034AD058D9}"
EndProject
Global
	GlobalSection(SolutionConfigurationPlatforms) = preSolution
		Debug|Any CPU = Debug|Any CPU
		Live|Any CPU = Live|Any CPU
		Release|Any CPU = Release|Any CPU
	EndGlobalSection
	GlobalSection(ProjectConfigurationPlatforms) = postSolution
		{BE05383B-E90D-4C3E-8B2B-E4342374F69C}.Debug|Any CPU.ActiveCfg = Debug|Any CPU
		{BE05383B-E90D-4C3E-8B2B-E4342374F69C}.Debug|Any CPU.Build.0 = Debug|Any CPU
		{BE05383B-E90D-4C3E-8B2B-E4342374F69C}.Live|Any CPU.ActiveCfg = Live|Any CPU
		{BE05383B-E90D-4C3E-8B2B-E4342374F69C}.Live|Any CPU.Build.0 = Live|Any CPU
		{BE05383B-E90D-4C3E-8B2B-E4342374F69C}.Release|Any CPU.ActiveCfg = Release|Any CPU
		{BE05383B-E90D-4C3E-8B2B-E4342374F69C}.Release|Any CPU.Build.0 = Release|Any CPU
		{3F7D4103-3A0B-4C23-87FB-EF70C5523CE4}.Debug|Any CPU.ActiveCfg = Debug|Any CPU
		{3F7D4103-3A0B-4C23-87FB-EF70C5523CE4}.Debug|Any CPU.Build.0 = Debug|Any CPU
		{3F7D4103-3A0B-4C23-87FB-EF70C5523CE4}.Live|Any CPU.ActiveCfg = Live|Any CPU
		{3F7D4103-3A0B-4C23-87FB-EF70C5523CE4}.Live|Any CPU.Build.0 = Live|Any CPU
		{3F7D4103-3A0B-4C23-87FB-EF70C5523CE4}.Release|Any CPU.ActiveCfg = Release|Any CPU
		{3F7D4103-3A0B-4C23-87FB-EF70C5523CE4}.Release|Any CPU.Build.0 = Release|Any CPU
		{0F27556C-6B57-4533-A447-586270C17D65}.Debug|Any CPU.ActiveCfg = Debug|Any CPU
		{0F27556C-6B57-4533-A447-586270C17D65}.Debug|Any CPU.Build.0 = Debug|Any CPU
		{0F27556C-6B57-4533-A447-586270C17D65}.Live|Any CPU.ActiveCfg = Live|Any CPU
		{0F27556C-6B57-4533-A447-586270C17D65}.Live|Any CPU.Build.0 = Live|Any CPU
		{0F27556C-6B57-4533-A447-586270C17D65}.Release|Any CPU.ActiveCfg = Release|Any CPU
		{0F27556C-6B57-4533-A447-586270C17D65}.Release|Any CPU.Build.0 = Release|Any CPU
		{1C293C28-12B1-45EB-AD2B-07C303A4E4CC}.Debug|Any CPU.ActiveCfg = Debug|Any CPU
		{1C293C28-12B1-45EB-AD2B-07C303A4E4CC}.Debug|Any CPU.Build.0 = Debug|Any CPU
		{1C293C28-12B1-45EB-AD2B-07C303A4E4CC}.Live|Any CPU.ActiveCfg = Live|Any CPU
		{1C293C28-12B1-45EB-AD2B-07C303A4E4CC}.Live|Any CPU.Build.0 = Live|Any CPU
		{1C293C28-12B1-45EB-AD2B-07C303A4E4CC}.Release|Any CPU.ActiveCfg = Release|Any CPU
		{1C293C28-12B1-45EB-AD2B-07C303A4E4CC}.Release|Any CPU.Build.0 = Release|Any CPU
		{A80378B5-D70B-42F7-8F57-B168EF724E4A}.Debug|Any CPU.ActiveCfg = Debug|Any CPU
		{A80378B5-D70B-42F7-8F57-B168EF724E4A}.Debug|Any CPU.Build.0 = Debug|Any CPU
		{A80378B5-D70B-42F7-8F57-B168EF724E4A}.Live|Any CPU.ActiveCfg = Live|Any CPU
		{A80378B5-D70B-42F7-8F57-B168EF724E4A}.Live|Any CPU.Build.0 = Live|Any CPU
		{A80378B5-D70B-42F7-8F57-B168EF724E4A}.Release|Any CPU.ActiveCfg = Release|Any CPU
		{A80378B5-D70B-42F7-8F57-B168EF724E4A}.Release|Any CPU.Build.0 = Release|Any CPU
		{E7A9F677-8D39-461B-810D-304B0B12E5DD}.Debug|Any CPU.ActiveCfg = Debug|Any CPU
		{E7A9F677-8D39-461B-810D-304B0B12E5DD}.Debug|Any CPU.Build.0 = Debug|Any CPU
		{E7A9F677-8D39-461B-810D-304B0B12E5DD}.Live|Any CPU.ActiveCfg = Live|Any CPU
		{E7A9F677-8D39-461B-810D-304B0B12E5DD}.Live|Any CPU.Build.0 = Live|Any CPU
		{E7A9F677-8D39-461B-810D-304B0B12E5DD}.Release|Any CPU.ActiveCfg = Release|Any CPU
		{E7A9F677-8D39-461B-810D-304B0B12E5DD}.Release|Any CPU.Build.0 = Release|Any CPU
		{0ABE87B8-761F-4D4C-9391-27034AD058D9}.Debug|Any CPU.ActiveCfg = Debug|Any CPU
		{0ABE87B8-761F-4D4C-9391-27034AD058D9}.Debug|Any CPU.Build.0 = Debug|Any CPU
		{0ABE87B8-761F-4D4C-9391-27034AD058D9}.Live|Any CPU.ActiveCfg = Live|Any CPU
		{0ABE87B8-761F-4D4C-9391-27034AD058D9}.Live|Any CPU.Build.0 = Live|Any CPU
		{0ABE87B8-761F-4D4C-9391-27034AD058D9}.Release|Any CPU.ActiveCfg = Release|Any CPU
		{0ABE87B8-761F-4D4C-9391-27034AD058D9}.Release|Any CPU.Build.0 = Release|Any CPU
	EndGlobalSection
	GlobalSection(SolutionProperties) = preSolution
		HideSolutionNode = FALSE
	EndGlobalSection
	GlobalSection(NestedProjects) = preSolution
		{BE05383B-E90D-4C3E-8B2B-E4342374F69C} = {3E794B2A-39D3-40EA-9DFA-0FB6E5E950E2}
		{3F7D4103-3A0B-4C23-87FB-EF70C5523CE4} = {3E794B2A-39D3-40EA-9DFA-0FB6E5E950E2}
		{0F27556C-6B57-4533-A447-586270C17D65} = {8A7833C6-1FD0-449F-92B1-CFEB34673117}
		{1C293C28-12B1-45EB-AD2B-07C303A4E4CC} = {8A7833C6-1FD0-449F-92B1-CFEB34673117}
		{A80378B5-D70B-42F7-8F57-B168EF724E4A} = {8A7833C6-1FD0-449F-92B1-CFEB34673117}
		{E7A9F677-8D39-461B-810D-304B0B12E5DD} = {C221111F-45AD-48F7-9515-B2339751E64E}
		{0ABE87B8-761F-4D4C-9391-27034AD058D9} = {8A7833C6-1FD0-449F-92B1-CFEB34673117}
	EndGlobalSection
	GlobalSection(ExtensibilityGlobals) = postSolution
		SolutionGuid = {9D894B66-095C-499D-A6E5-E74E10CDB0FC}
	EndGlobalSection
EndGlobal
